// !$*UTF8*$!
{
	archiveVersion = 1;
	classes = {
	};
	objectVersion = 46;
	objects = {

/* Begin PBXBuildFile section */
		1361B7D21D9DA46100793DA1 /* DSC_Info.h in Headers */ = {isa = PBXBuildFile; fileRef = 1361B7B71D9DA46100793DA1 /* DSC_Info.h */; };
		1361B7D31D9DA46100793DA1 /* DSC_Inst.h in Headers */ = {isa = PBXBuildFile; fileRef = 1361B7B81D9DA46100793DA1 /* DSC_Inst.h */; };
		1361B7D41D9DA46100793DA1 /* EndianUtils.h in Headers */ = {isa = PBXBuildFile; fileRef = 1361B7B91D9DA46100793DA1 /* EndianUtils.h */; };
		1361B7D51D9DA46100793DA1 /* EngineCore.h in Headers */ = {isa = PBXBuildFile; fileRef = 1361B7BA1D9DA46100793DA1 /* EngineCore.h */; };
		1361B7D61D9DA46100793DA1 /* GlobalDef.h in Headers */ = {isa = PBXBuildFile; fileRef = 1361B7BB1D9DA46100793DA1 /* GlobalDef.h */; };
		1361B7D71D9DA46100793DA1 /* InstPluginInterface.h in Headers */ = {isa = PBXBuildFile; fileRef = 1361B7BC1D9DA46100793DA1 /* InstPluginInterface.h */; };
		1361B7D81D9DA46100793DA1 /* Inst_EOFC.h in Headers */ = {isa = PBXBuildFile; fileRef = 1361B7BE1D9DA46100793DA1 /* Inst_EOFC.h */; };
		1361B7D91D9DA46100793DA1 /* Inst_nop.h in Headers */ = {isa = PBXBuildFile; fileRef = 1361B7BF1D9DA46100793DA1 /* Inst_nop.h */; };
		1361B7DA1D9DA46100793DA1 /* Inst_Note.h in Headers */ = {isa = PBXBuildFile; fileRef = 1361B7C01D9DA46100793DA1 /* Inst_Note.h */; };
		1361B7DB1D9DA46100793DA1 /* Inst_op_55.h in Headers */ = {isa = PBXBuildFile; fileRef = 1361B7C11D9DA46100793DA1 /* Inst_op_55.h */; };
		1361B7DC1D9DA46100793DA1 /* Inst_op_56.h in Headers */ = {isa = PBXBuildFile; fileRef = 1361B7C21D9DA46100793DA1 /* Inst_op_56.h */; };
		1361B7DD1D9DA46100793DA1 /* Inst_Timestamp.h in Headers */ = {isa = PBXBuildFile; fileRef = 1361B7C31D9DA46100793DA1 /* Inst_Timestamp.h */; };
		1361B7DE1D9DA46100793DA1 /* PVSC_Parser.h in Headers */ = {isa = PBXBuildFile; fileRef = 1361B7C41D9DA46100793DA1 /* PVSC_Parser.h */; };
		1361B7DF1D9DA46100793DA1 /* DSC_Info.cpp in Sources */ = {isa = PBXBuildFile; fileRef = 1361B7C71D9DA46100793DA1 /* DSC_Info.cpp */; };
		1361B7E01D9DA46100793DA1 /* DSC_Inst.cpp in Sources */ = {isa = PBXBuildFile; fileRef = 1361B7C81D9DA46100793DA1 /* DSC_Inst.cpp */; };
		1361B7E11D9DA46100793DA1 /* EngineCore.cpp in Sources */ = {isa = PBXBuildFile; fileRef = 1361B7C91D9DA46100793DA1 /* EngineCore.cpp */; };
		1361B7E21D9DA46100793DA1 /* Inst_EOFC.cpp in Sources */ = {isa = PBXBuildFile; fileRef = 1361B7CB1D9DA46100793DA1 /* Inst_EOFC.cpp */; };
		1361B7E31D9DA46100793DA1 /* Inst_nop.cpp in Sources */ = {isa = PBXBuildFile; fileRef = 1361B7CC1D9DA46100793DA1 /* Inst_nop.cpp */; };
		1361B7E41D9DA46100793DA1 /* Inst_Note.cpp in Sources */ = {isa = PBXBuildFile; fileRef = 1361B7CD1D9DA46100793DA1 /* Inst_Note.cpp */; };
		1361B7E51D9DA46100793DA1 /* Inst_op_55.cpp in Sources */ = {isa = PBXBuildFile; fileRef = 1361B7CE1D9DA46100793DA1 /* Inst_op_55.cpp */; };
		1361B7E61D9DA46100793DA1 /* Inst_op_56.cpp in Sources */ = {isa = PBXBuildFile; fileRef = 1361B7CF1D9DA46100793DA1 /* Inst_op_56.cpp */; };
		1361B7E71D9DA46100793DA1 /* Inst_Timestamp.cpp in Sources */ = {isa = PBXBuildFile; fileRef = 1361B7D01D9DA46100793DA1 /* Inst_Timestamp.cpp */; };
		1361B7E81D9DA46100793DA1 /* PVSC_Parser.cpp in Sources */ = {isa = PBXBuildFile; fileRef = 1361B7D11D9DA46100793DA1 /* PVSC_Parser.cpp */; };
/* End PBXBuildFile section */

/* Begin PBXContainerItemProxy section */
		1361B81C1D9DA5FA00793DA1 /* PBXContainerItemProxy */ = {
			isa = PBXContainerItemProxy;
			containerPortal = 1361B8181D9DA5F900793DA1 /* PVSC_Parser_test.xcodeproj */;
			proxyType = 2;
			remoteGlobalIDString = 1361B80E1D9DA5F900793DA1;
			remoteInfo = PVSC_Parser_test;
		};
/* End PBXContainerItemProxy section */

/* Begin PBXFileReference section */
		1361B7A71D9DA44600793DA1 /* libPVSC_Parser.a */ = {isa = PBXFileReference; explicitFileType = archive.ar; includeInIndex = 0; path = libPVSC_Parser.a; sourceTree = BUILT_PRODUCTS_DIR; };
		1361B7B71D9DA46100793DA1 /* DSC_Info.h */ = {isa = PBXFileReference; fileEncoding = 4; lastKnownFileType = sourcecode.c.h; path = DSC_Info.h; sourceTree = "<group>"; };
		1361B7B81D9DA46100793DA1 /* DSC_Inst.h */ = {isa = PBXFileReference; fileEncoding = 4; lastKnownFileType = sourcecode.c.h; path = DSC_Inst.h; sourceTree = "<group>"; };
		1361B7B91D9DA46100793DA1 /* EndianUtils.h */ = {isa = PBXFileReference; fileEncoding = 4; lastKnownFileType = sourcecode.c.h; path = EndianUtils.h; sourceTree = "<group>"; };
		1361B7BA1D9DA46100793DA1 /* EngineCore.h */ = {isa = PBXFileReference; fileEncoding = 4; lastKnownFileType = sourcecode.c.h; path = EngineCore.h; sourceTree = "<group>"; };
		1361B7BB1D9DA46100793DA1 /* GlobalDef.h */ = {isa = PBXFileReference; fileEncoding = 4; lastKnownFileType = sourcecode.c.h; path = GlobalDef.h; sourceTree = "<group>"; };
		1361B7BC1D9DA46100793DA1 /* InstPluginInterface.h */ = {isa = PBXFileReference; fileEncoding = 4; lastKnownFileType = sourcecode.c.h; path = InstPluginInterface.h; sourceTree = "<group>"; };
		1361B7BE1D9DA46100793DA1 /* Inst_EOFC.h */ = {isa = PBXFileReference; fileEncoding = 4; lastKnownFileType = sourcecode.c.h; path = Inst_EOFC.h; sourceTree = "<group>"; };
		1361B7BF1D9DA46100793DA1 /* Inst_nop.h */ = {isa = PBXFileReference; fileEncoding = 4; lastKnownFileType = sourcecode.c.h; path = Inst_nop.h; sourceTree = "<group>"; };
		1361B7C01D9DA46100793DA1 /* Inst_Note.h */ = {isa = PBXFileReference; fileEncoding = 4; lastKnownFileType = sourcecode.c.h; path = Inst_Note.h; sourceTree = "<group>"; };
		1361B7C11D9DA46100793DA1 /* Inst_op_55.h */ = {isa = PBXFileReference; fileEncoding = 4; lastKnownFileType = sourcecode.c.h; path = Inst_op_55.h; sourceTree = "<group>"; };
		1361B7C21D9DA46100793DA1 /* Inst_op_56.h */ = {isa = PBXFileReference; fileEncoding = 4; lastKnownFileType = sourcecode.c.h; path = Inst_op_56.h; sourceTree = "<group>"; };
		1361B7C31D9DA46100793DA1 /* Inst_Timestamp.h */ = {isa = PBXFileReference; fileEncoding = 4; lastKnownFileType = sourcecode.c.h; path = Inst_Timestamp.h; sourceTree = "<group>"; };
		1361B7C41D9DA46100793DA1 /* PVSC_Parser.h */ = {isa = PBXFileReference; fileEncoding = 4; lastKnownFileType = sourcecode.c.h; path = PVSC_Parser.h; sourceTree = "<group>"; };
		1361B7C71D9DA46100793DA1 /* DSC_Info.cpp */ = {isa = PBXFileReference; fileEncoding = 4; lastKnownFileType = sourcecode.cpp.cpp; path = DSC_Info.cpp; sourceTree = "<group>"; };
		1361B7C81D9DA46100793DA1 /* DSC_Inst.cpp */ = {isa = PBXFileReference; fileEncoding = 4; lastKnownFileType = sourcecode.cpp.cpp; path = DSC_Inst.cpp; sourceTree = "<group>"; };
		1361B7C91D9DA46100793DA1 /* EngineCore.cpp */ = {isa = PBXFileReference; fileEncoding = 4; lastKnownFileType = sourcecode.cpp.cpp; path = EngineCore.cpp; sourceTree = "<group>"; };
		1361B7CB1D9DA46100793DA1 /* Inst_EOFC.cpp */ = {isa = PBXFileReference; fileEncoding = 4; lastKnownFileType = sourcecode.cpp.cpp; path = Inst_EOFC.cpp; sourceTree = "<group>"; };
		1361B7CC1D9DA46100793DA1 /* Inst_nop.cpp */ = {isa = PBXFileReference; fileEncoding = 4; lastKnownFileType = sourcecode.cpp.cpp; path = Inst_nop.cpp; sourceTree = "<group>"; };
		1361B7CD1D9DA46100793DA1 /* Inst_Note.cpp */ = {isa = PBXFileReference; fileEncoding = 4; lastKnownFileType = sourcecode.cpp.cpp; path = Inst_Note.cpp; sourceTree = "<group>"; };
		1361B7CE1D9DA46100793DA1 /* Inst_op_55.cpp */ = {isa = PBXFileReference; fileEncoding = 4; lastKnownFileType = sourcecode.cpp.cpp; path = Inst_op_55.cpp; sourceTree = "<group>"; };
		1361B7CF1D9DA46100793DA1 /* Inst_op_56.cpp */ = {isa = PBXFileReference; fileEncoding = 4; lastKnownFileType = sourcecode.cpp.cpp; path = Inst_op_56.cpp; sourceTree = "<group>"; };
		1361B7D01D9DA46100793DA1 /* Inst_Timestamp.cpp */ = {isa = PBXFileReference; fileEncoding = 4; lastKnownFileType = sourcecode.cpp.cpp; path = Inst_Timestamp.cpp; sourceTree = "<group>"; };
		1361B7D11D9DA46100793DA1 /* PVSC_Parser.cpp */ = {isa = PBXFileReference; fileEncoding = 4; lastKnownFileType = sourcecode.cpp.cpp; path = PVSC_Parser.cpp; sourceTree = "<group>"; };
		1361B8181D9DA5F900793DA1 /* PVSC_Parser_test.xcodeproj */ = {isa = PBXFileReference; lastKnownFileType = "wrapper.pb-project"; name = PVSC_Parser_test.xcodeproj; path = PVSC_Parser_test/PVSC_Parser_test.xcodeproj; sourceTree = "<group>"; };
/* End PBXFileReference section */

/* Begin PBXFrameworksBuildPhase section */
		1361B7A41D9DA44600793DA1 /* Frameworks */ = {
			isa = PBXFrameworksBuildPhase;
			buildActionMask = 2147483647;
			files = (
			);
			runOnlyForDeploymentPostprocessing = 0;
		};
/* End PBXFrameworksBuildPhase section */

/* Begin PBXGroup section */
		1361B79E1D9DA44600793DA1 = {
			isa = PBXGroup;
			children = (
				1361B8181D9DA5F900793DA1 /* PVSC_Parser_test.xcodeproj */,
				1361B7A91D9DA44600793DA1 /* PVSC_Parser */,
				1361B7A81D9DA44600793DA1 /* Products */,
			);
			sourceTree = "<group>";
		};
		1361B7A81D9DA44600793DA1 /* Products */ = {
			isa = PBXGroup;
			children = (
				1361B7A71D9DA44600793DA1 /* libPVSC_Parser.a */,
			);
			name = Products;
			sourceTree = "<group>";
		};
		1361B7A91D9DA44600793DA1 /* PVSC_Parser */ = {
			isa = PBXGroup;
			children = (
				1361B7B51D9DA46100793DA1 /* include */,
				1361B7C51D9DA46100793DA1 /* src */,
			);
			path = PVSC_Parser;
			sourceTree = "<group>";
		};
		1361B7B51D9DA46100793DA1 /* include */ = {
			isa = PBXGroup;
			children = (
				1361B7B61D9DA46100793DA1 /* core */,
				1361B7BD1D9DA46100793DA1 /* inst */,
				1361B7C41D9DA46100793DA1 /* PVSC_Parser.h */,
			);
			path = include;
			sourceTree = "<group>";
		};
		1361B7B61D9DA46100793DA1 /* core */ = {
			isa = PBXGroup;
			children = (
				1361B7B71D9DA46100793DA1 /* DSC_Info.h */,
				1361B7B81D9DA46100793DA1 /* DSC_Inst.h */,
				1361B7B91D9DA46100793DA1 /* EndianUtils.h */,
				1361B7BA1D9DA46100793DA1 /* EngineCore.h */,
				1361B7BB1D9DA46100793DA1 /* GlobalDef.h */,
				1361B7BC1D9DA46100793DA1 /* InstPluginInterface.h */,
			);
			path = core;
			sourceTree = "<group>";
		};
		1361B7BD1D9DA46100793DA1 /* inst */ = {
			isa = PBXGroup;
			children = (
				1361B7BE1D9DA46100793DA1 /* Inst_EOFC.h */,
				1361B7BF1D9DA46100793DA1 /* Inst_nop.h */,
				1361B7C01D9DA46100793DA1 /* Inst_Note.h */,
				1361B7C11D9DA46100793DA1 /* Inst_op_55.h */,
				1361B7C21D9DA46100793DA1 /* Inst_op_56.h */,
				1361B7C31D9DA46100793DA1 /* Inst_Timestamp.h */,
			);
			path = inst;
			sourceTree = "<group>";
		};
		1361B7C51D9DA46100793DA1 /* src */ = {
			isa = PBXGroup;
			children = (
				1361B7C61D9DA46100793DA1 /* core */,
				1361B7CA1D9DA46100793DA1 /* inst */,
				1361B7D11D9DA46100793DA1 /* PVSC_Parser.cpp */,
			);
			path = src;
			sourceTree = "<group>";
		};
		1361B7C61D9DA46100793DA1 /* core */ = {
			isa = PBXGroup;
			children = (
				1361B7C71D9DA46100793DA1 /* DSC_Info.cpp */,
				1361B7C81D9DA46100793DA1 /* DSC_Inst.cpp */,
				1361B7C91D9DA46100793DA1 /* EngineCore.cpp */,
			);
			path = core;
			sourceTree = "<group>";
		};
		1361B7CA1D9DA46100793DA1 /* inst */ = {
			isa = PBXGroup;
			children = (
				1361B7CB1D9DA46100793DA1 /* Inst_EOFC.cpp */,
				1361B7CC1D9DA46100793DA1 /* Inst_nop.cpp */,
				1361B7CD1D9DA46100793DA1 /* Inst_Note.cpp */,
				1361B7CE1D9DA46100793DA1 /* Inst_op_55.cpp */,
				1361B7CF1D9DA46100793DA1 /* Inst_op_56.cpp */,
				1361B7D01D9DA46100793DA1 /* Inst_Timestamp.cpp */,
			);
			path = inst;
			sourceTree = "<group>";
		};
		1361B8191D9DA5F900793DA1 /* Products */ = {
			isa = PBXGroup;
			children = (
				1361B81D1D9DA5FA00793DA1 /* PVSC_Parser_test */,
			);
			name = Products;
			sourceTree = "<group>";
		};
/* End PBXGroup section */

/* Begin PBXHeadersBuildPhase section */
		1361B7A51D9DA44600793DA1 /* Headers */ = {
			isa = PBXHeadersBuildPhase;
			buildActionMask = 2147483647;
			files = (
				1361B7DC1D9DA46100793DA1 /* Inst_op_56.h in Headers */,
				1361B7D71D9DA46100793DA1 /* InstPluginInterface.h in Headers */,
				1361B7D91D9DA46100793DA1 /* Inst_nop.h in Headers */,
				1361B7D51D9DA46100793DA1 /* EngineCore.h in Headers */,
				1361B7D61D9DA46100793DA1 /* GlobalDef.h in Headers */,
				1361B7D21D9DA46100793DA1 /* DSC_Info.h in Headers */,
				1361B7DD1D9DA46100793DA1 /* Inst_Timestamp.h in Headers */,
				1361B7DA1D9DA46100793DA1 /* Inst_Note.h in Headers */,
				1361B7DB1D9DA46100793DA1 /* Inst_op_55.h in Headers */,
				1361B7D81D9DA46100793DA1 /* Inst_EOFC.h in Headers */,
				1361B7DE1D9DA46100793DA1 /* PVSC_Parser.h in Headers */,
				1361B7D31D9DA46100793DA1 /* DSC_Inst.h in Headers */,
				1361B7D41D9DA46100793DA1 /* EndianUtils.h in Headers */,
			);
			runOnlyForDeploymentPostprocessing = 0;
		};
/* End PBXHeadersBuildPhase section */

/* Begin PBXNativeTarget section */
		1361B7A61D9DA44600793DA1 /* PVSC_Parser */ = {
			isa = PBXNativeTarget;
			buildConfigurationList = 1361B7B21D9DA44600793DA1 /* Build configuration list for PBXNativeTarget "PVSC_Parser" */;
			buildPhases = (
				1361B7A31D9DA44600793DA1 /* Sources */,
				1361B7A41D9DA44600793DA1 /* Frameworks */,
				1361B7A51D9DA44600793DA1 /* Headers */,
			);
			buildRules = (
			);
			dependencies = (
			);
			name = PVSC_Parser;
			productName = PVSC_Parser;
			productReference = 1361B7A71D9DA44600793DA1 /* libPVSC_Parser.a */;
			productType = "com.apple.product-type.library.static";
		};
/* End PBXNativeTarget section */

/* Begin PBXProject section */
		1361B79F1D9DA44600793DA1 /* Project object */ = {
			isa = PBXProject;
			attributes = {
				LastUpgradeCheck = 0800;
				ORGANIZATIONNAME = s117;
				TargetAttributes = {
					1361B7A61D9DA44600793DA1 = {
						CreatedOnToolsVersion = 8.0;
						ProvisioningStyle = Automatic;
					};
				};
			};
			buildConfigurationList = 1361B7A21D9DA44600793DA1 /* Build configuration list for PBXProject "PVSC_Parser" */;
			compatibilityVersion = "Xcode 3.2";
			developmentRegion = English;
			hasScannedForEncodings = 0;
			knownRegions = (
				en,
			);
			mainGroup = 1361B79E1D9DA44600793DA1;
			productRefGroup = 1361B7A81D9DA44600793DA1 /* Products */;
			projectDirPath = "";
			projectReferences = (
				{
					ProductGroup = 1361B8191D9DA5F900793DA1 /* Products */;
					ProjectRef = 1361B8181D9DA5F900793DA1 /* PVSC_Parser_test.xcodeproj */;
				},
			);
			projectRoot = "";
			targets = (
				1361B7A61D9DA44600793DA1 /* PVSC_Parser */,
			);
		};
/* End PBXProject section */

/* Begin PBXReferenceProxy section */
		1361B81D1D9DA5FA00793DA1 /* PVSC_Parser_test */ = {
			isa = PBXReferenceProxy;
			fileType = "compiled.mach-o.executable";
			path = PVSC_Parser_test;
			remoteRef = 1361B81C1D9DA5FA00793DA1 /* PBXContainerItemProxy */;
			sourceTree = BUILT_PRODUCTS_DIR;
		};
/* End PBXReferenceProxy section */

/* Begin PBXSourcesBuildPhase section */
		1361B7A31D9DA44600793DA1 /* Sources */ = {
			isa = PBXSourcesBuildPhase;
			buildActionMask = 2147483647;
			files = (
				1361B7DF1D9DA46100793DA1 /* DSC_Info.cpp in Sources */,
				1361B7E41D9DA46100793DA1 /* Inst_Note.cpp in Sources */,
				1361B7E01D9DA46100793DA1 /* DSC_Inst.cpp in Sources */,
				1361B7E21D9DA46100793DA1 /* Inst_EOFC.cpp in Sources */,
				1361B7E51D9DA46100793DA1 /* Inst_op_55.cpp in Sources */,
				1361B7E31D9DA46100793DA1 /* Inst_nop.cpp in Sources */,
				1361B7E81D9DA46100793DA1 /* PVSC_Parser.cpp in Sources */,
				1361B7E61D9DA46100793DA1 /* Inst_op_56.cpp in Sources */,
				1361B7E11D9DA46100793DA1 /* EngineCore.cpp in Sources */,
				1361B7E71D9DA46100793DA1 /* Inst_Timestamp.cpp in Sources */,
			);
			runOnlyForDeploymentPostprocessing = 0;
		};
/* End PBXSourcesBuildPhase section */

/* Begin XCBuildConfiguration section */
		1361B7B01D9DA44600793DA1 /* Debug */ = {
			isa = XCBuildConfiguration;
			buildSettings = {
				ALWAYS_SEARCH_USER_PATHS = NO;
				CLANG_ANALYZER_NONNULL = YES;
				CLANG_CXX_LANGUAGE_STANDARD = "gnu++0x";
				CLANG_CXX_LIBRARY = "libc++";
				CLANG_ENABLE_MODULES = YES;
				CLANG_ENABLE_OBJC_ARC = YES;
				CLANG_WARN_BOOL_CONVERSION = YES;
				CLANG_WARN_CONSTANT_CONVERSION = YES;
				CLANG_WARN_DIRECT_OBJC_ISA_USAGE = YES_ERROR;
				CLANG_WARN_DOCUMENTATION_COMMENTS = YES;
				CLANG_WARN_EMPTY_BODY = YES;
				CLANG_WARN_ENUM_CONVERSION = YES;
				CLANG_WARN_INFINITE_RECURSION = YES;
				CLANG_WARN_INT_CONVERSION = YES;
				CLANG_WARN_OBJC_ROOT_CLASS = YES_ERROR;
				CLANG_WARN_SUSPICIOUS_MOVES = YES;
				CLANG_WARN_UNREACHABLE_CODE = YES;
				CLANG_WARN__DUPLICATE_METHOD_MATCH = YES;
				CODE_SIGN_IDENTITY = "-";
				COPY_PHASE_STRIP = NO;
				DEBUG_INFORMATION_FORMAT = dwarf;
				ENABLE_STRICT_OBJC_MSGSEND = YES;
				ENABLE_TESTABILITY = YES;
				GCC_C_LANGUAGE_STANDARD = gnu99;
				GCC_DYNAMIC_NO_PIC = NO;
				GCC_NO_COMMON_BLOCKS = YES;
				GCC_OPTIMIZATION_LEVEL = 0;
				GCC_PREPROCESSOR_DEFINITIONS = (
					"DEBUG=1",
					"$(inherited)",
				);
				GCC_WARN_64_TO_32_BIT_CONVERSION = YES;
				GCC_WARN_ABOUT_RETURN_TYPE = YES_ERROR;
				GCC_WARN_UNDECLARED_SELECTOR = YES;
				GCC_WARN_UNINITIALIZED_AUTOS = YES_AGGRESSIVE;
				GCC_WARN_UNUSED_FUNCTION = YES;
				GCC_WARN_UNUSED_VARIABLE = YES;
				MACOSX_DEPLOYMENT_TARGET = 10.11;
				MTL_ENABLE_DEBUG_INFO = YES;
				ONLY_ACTIVE_ARCH = YES;
				SDKROOT = macosx;
			};
			name = Debug;
		};
		1361B7B11D9DA44600793DA1 /* Release */ = {
			isa = XCBuildConfiguration;
			buildSettings = {
				ALWAYS_SEARCH_USER_PATHS = NO;
				CLANG_ANALYZER_NONNULL = YES;
				CLANG_CXX_LANGUAGE_STANDARD = "gnu++0x";
				CLANG_CXX_LIBRARY = "libc++";
				CLANG_ENABLE_MODULES = YES;
				CLANG_ENABLE_OBJC_ARC = YES;
				CLANG_WARN_BOOL_CONVERSION = YES;
				CLANG_WARN_CONSTANT_CONVERSION = YES;
				CLANG_WARN_DIRECT_OBJC_ISA_USAGE = YES_ERROR;
				CLANG_WARN_DOCUMENTATION_COMMENTS = YES;
				CLANG_WARN_EMPTY_BODY = YES;
				CLANG_WARN_ENUM_CONVERSION = YES;
				CLANG_WARN_INFINITE_RECURSION = YES;
				CLANG_WARN_INT_CONVERSION = YES;
				CLANG_WARN_OBJC_ROOT_CLASS = YES_ERROR;
				CLANG_WARN_SUSPICIOUS_MOVES = YES;
				CLANG_WARN_UNREACHABLE_CODE = YES;
				CLANG_WARN__DUPLICATE_METHOD_MATCH = YES;
				CODE_SIGN_IDENTITY = "-";
				COPY_PHASE_STRIP = NO;
				DEBUG_INFORMATION_FORMAT = "dwarf-with-dsym";
				ENABLE_NS_ASSERTIONS = NO;
				ENABLE_STRICT_OBJC_MSGSEND = YES;
				GCC_C_LANGUAGE_STANDARD = gnu99;
				GCC_NO_COMMON_BLOCKS = YES;
				GCC_WARN_64_TO_32_BIT_CONVERSION = YES;
				GCC_WARN_ABOUT_RETURN_TYPE = YES_ERROR;
				GCC_WARN_UNDECLARED_SELECTOR = YES;
				GCC_WARN_UNINITIALIZED_AUTOS = YES_AGGRESSIVE;
				GCC_WARN_UNUSED_FUNCTION = YES;
				GCC_WARN_UNUSED_VARIABLE = YES;
				MACOSX_DEPLOYMENT_TARGET = 10.11;
				MTL_ENABLE_DEBUG_INFO = NO;
				SDKROOT = macosx;
			};
			name = Release;
		};
		1361B7B31D9DA44600793DA1 /* Debug */ = {
			isa = XCBuildConfiguration;
			buildSettings = {
				EXECUTABLE_PREFIX = lib;
				GCC_ENABLE_CPP_EXCEPTIONS = YES;
				GCC_ENABLE_CPP_RTTI = YES;
				PRODUCT_NAME = "$(TARGET_NAME)";
			};
			name = Debug;
		};
		1361B7B41D9DA44600793DA1 /* Release */ = {
			isa = XCBuildConfiguration;
			buildSettings = {
				EXECUTABLE_PREFIX = lib;
				GCC_ENABLE_CPP_EXCEPTIONS = YES;
				GCC_ENABLE_CPP_RTTI = YES;
				PRODUCT_NAME = "$(TARGET_NAME)";
			};
			name = Release;
		};
/* End XCBuildConfiguration section */

/* Begin XCConfigurationList section */
		1361B7A21D9DA44600793DA1 /* Build configuration list for PBXProject "PVSC_Parser" */ = {
			isa = XCConfigurationList;
			buildConfigurations = (
				1361B7B01D9DA44600793DA1 /* Debug */,
				1361B7B11D9DA44600793DA1 /* Release */,
			);
			defaultConfigurationIsVisible = 0;
			defaultConfigurationName = Release;
		};
		1361B7B21D9DA44600793DA1 /* Build configuration list for PBXNativeTarget "PVSC_Parser" */ = {
			isa = XCConfigurationList;
			buildConfigurations = (
				1361B7B31D9DA44600793DA1 /* Debug */,
				1361B7B41D9DA44600793DA1 /* Release */,
			);
			defaultConfigurationIsVisible = 0;
			defaultConfigurationName = Release;
		};
/* End XCConfigurationList section */
	};
	rootObject = 1361B79F1D9DA44600793DA1 /* Project object */;
}
