// !$*UTF8*$!
{
	archiveVersion = 1;
	classes = {
	};
	objectVersion = 46;
	objects = {

/* Begin PBXBuildFile section */
		130230EC1D9D80E100C0ECFD /* DSC_Info.cpp in Sources */ = {isa = PBXBuildFile; fileRef = 130230EB1D9D80E100C0ECFD /* DSC_Info.cpp */; };
		13967A931D87419D00B01C79 /* EngineCore.cpp in Sources */ = {isa = PBXBuildFile; fileRef = 13967A8C1D87419D00B01C79 /* EngineCore.cpp */; };
		13967A941D87419D00B01C79 /* Inst_Note.cpp in Sources */ = {isa = PBXBuildFile; fileRef = 13967A8D1D87419D00B01C79 /* Inst_Note.cpp */; };
		13967A951D87419D00B01C79 /* Inst_op_55.cpp in Sources */ = {isa = PBXBuildFile; fileRef = 13967A8E1D87419D00B01C79 /* Inst_op_55.cpp */; };
		13967A961D87419D00B01C79 /* Inst_op_56.cpp in Sources */ = {isa = PBXBuildFile; fileRef = 13967A8F1D87419D00B01C79 /* Inst_op_56.cpp */; };
		13967A971D87419D00B01C79 /* Inst_Timestamp.cpp in Sources */ = {isa = PBXBuildFile; fileRef = 13967A901D87419D00B01C79 /* Inst_Timestamp.cpp */; };
		13967A981D87419D00B01C79 /* main.cpp in Sources */ = {isa = PBXBuildFile; fileRef = 13967A911D87419D00B01C79 /* main.cpp */; };
		13967A9E1D87B4E700B01C79 /* Inst_EOFC.cpp in Sources */ = {isa = PBXBuildFile; fileRef = 13967A9C1D87B4E700B01C79 /* Inst_EOFC.cpp */; };
		13967AA11D87B51800B01C79 /* Inst_nop.cpp in Sources */ = {isa = PBXBuildFile; fileRef = 13967A9F1D87B51800B01C79 /* Inst_nop.cpp */; };
/* End PBXBuildFile section */

/* Begin PBXCopyFilesBuildPhase section */
		13967A731D87414900B01C79 /* CopyFiles */ = {
			isa = PBXCopyFilesBuildPhase;
			buildActionMask = 2147483647;
			dstPath = /usr/share/man/man1/;
			dstSubfolderSpec = 0;
			files = (
			);
			runOnlyForDeploymentPostprocessing = 1;
		};
/* End PBXCopyFilesBuildPhase section */

/* Begin PBXFileReference section */
		130230EB1D9D80E100C0ECFD /* DSC_Info.cpp */ = {isa = PBXFileReference; fileEncoding = 4; lastKnownFileType = sourcecode.cpp.cpp; path = DSC_Info.cpp; sourceTree = "<group>"; };
		13967A751D87414900B01C79 /* PVSC_Parser */ = {isa = PBXFileReference; explicitFileType = "compiled.mach-o.executable"; includeInIndex = 0; path = PVSC_Parser; sourceTree = BUILT_PRODUCTS_DIR; };
		13967A821D87419400B01C79 /* 801_extreme.h */ = {isa = PBXFileReference; fileEncoding = 4; lastKnownFileType = sourcecode.c.h; path = 801_extreme.h; sourceTree = "<group>"; };
		13967A831D87419400B01C79 /* DSC_Info.h */ = {isa = PBXFileReference; fileEncoding = 4; lastKnownFileType = sourcecode.c.h; path = DSC_Info.h; sourceTree = "<group>"; };
		13967A841D87419400B01C79 /* EngineCore.h */ = {isa = PBXFileReference; fileEncoding = 4; lastKnownFileType = sourcecode.c.h; path = EngineCore.h; sourceTree = "<group>"; };
		13967A851D87419400B01C79 /* GlobalDef.h */ = {isa = PBXFileReference; fileEncoding = 4; lastKnownFileType = sourcecode.c.h; path = GlobalDef.h; sourceTree = "<group>"; };
		13967A861D87419400B01C79 /* Inst_Note.h */ = {isa = PBXFileReference; fileEncoding = 4; lastKnownFileType = sourcecode.c.h; path = Inst_Note.h; sourceTree = "<group>"; };
		13967A871D87419400B01C79 /* Inst_op_55.h */ = {isa = PBXFileReference; fileEncoding = 4; lastKnownFileType = sourcecode.c.h; path = Inst_op_55.h; sourceTree = "<group>"; };
		13967A881D87419400B01C79 /* Inst_op_56.h */ = {isa = PBXFileReference; fileEncoding = 4; lastKnownFileType = sourcecode.c.h; path = Inst_op_56.h; sourceTree = "<group>"; };
		13967A891D87419400B01C79 /* Inst_Timestamp.h */ = {isa = PBXFileReference; fileEncoding = 4; lastKnownFileType = sourcecode.c.h; path = Inst_Timestamp.h; sourceTree = "<group>"; };
		13967A8A1D87419400B01C79 /* InstPluginInterface.h */ = {isa = PBXFileReference; fileEncoding = 4; lastKnownFileType = sourcecode.c.h; path = InstPluginInterface.h; sourceTree = "<group>"; };
		13967A8C1D87419D00B01C79 /* EngineCore.cpp */ = {isa = PBXFileReference; fileEncoding = 4; lastKnownFileType = sourcecode.cpp.cpp; path = EngineCore.cpp; sourceTree = "<group>"; };
		13967A8D1D87419D00B01C79 /* Inst_Note.cpp */ = {isa = PBXFileReference; fileEncoding = 30; lastKnownFileType = sourcecode.cpp.cpp; path = Inst_Note.cpp; sourceTree = "<group>"; };
		13967A8E1D87419D00B01C79 /* Inst_op_55.cpp */ = {isa = PBXFileReference; fileEncoding = 4; lastKnownFileType = sourcecode.cpp.cpp; path = Inst_op_55.cpp; sourceTree = "<group>"; };
		13967A8F1D87419D00B01C79 /* Inst_op_56.cpp */ = {isa = PBXFileReference; fileEncoding = 4; lastKnownFileType = sourcecode.cpp.cpp; path = Inst_op_56.cpp; sourceTree = "<group>"; };
		13967A901D87419D00B01C79 /* Inst_Timestamp.cpp */ = {isa = PBXFileReference; fileEncoding = 4; lastKnownFileType = sourcecode.cpp.cpp; path = Inst_Timestamp.cpp; sourceTree = "<group>"; };
		13967A911D87419D00B01C79 /* main.cpp */ = {isa = PBXFileReference; fileEncoding = 4; lastKnownFileType = sourcecode.cpp.cpp; path = main.cpp; sourceTree = "<group>"; };
		13967A9C1D87B4E700B01C79 /* Inst_EOFC.cpp */ = {isa = PBXFileReference; fileEncoding = 4; lastKnownFileType = sourcecode.cpp.cpp; path = Inst_EOFC.cpp; sourceTree = "<group>"; };
		13967A9D1D87B4E700B01C79 /* Inst_EOFC.h */ = {isa = PBXFileReference; fileEncoding = 4; lastKnownFileType = sourcecode.c.h; path = Inst_EOFC.h; sourceTree = "<group>"; };
		13967A9F1D87B51800B01C79 /* Inst_nop.cpp */ = {isa = PBXFileReference; fileEncoding = 4; lastKnownFileType = sourcecode.cpp.cpp; path = Inst_nop.cpp; sourceTree = "<group>"; };
		13967AA01D87B51800B01C79 /* Inst_nop.h */ = {isa = PBXFileReference; fileEncoding = 4; lastKnownFileType = sourcecode.c.h; path = Inst_nop.h; sourceTree = "<group>"; };
		13967AA31D87DC1F00B01C79 /* EndianUtils.h */ = {isa = PBXFileReference; fileEncoding = 4; lastKnownFileType = sourcecode.c.h; path = EndianUtils.h; sourceTree = "<group>"; };
		13967AAB1D88024A00B01C79 /* 712_extreme.h */ = {isa = PBXFileReference; fileEncoding = 4; lastKnownFileType = sourcecode.c.h; path = 712_extreme.h; sourceTree = "<group>"; };
/* End PBXFileReference section */

/* Begin PBXFrameworksBuildPhase section */
		13967A721D87414900B01C79 /* Frameworks */ = {
			isa = PBXFrameworksBuildPhase;
			buildActionMask = 2147483647;
			files = (
			);
			runOnlyForDeploymentPostprocessing = 0;
		};
/* End PBXFrameworksBuildPhase section */

/* Begin PBXGroup section */
		13967A6C1D87414900B01C79 = {
			isa = PBXGroup;
			children = (
				13967A771D87414900B01C79 /* PVSC_Parser */,
				13967A761D87414900B01C79 /* Products */,
			);
			sourceTree = "<group>";
		};
		13967A761D87414900B01C79 /* Products */ = {
			isa = PBXGroup;
			children = (
				13967A751D87414900B01C79 /* PVSC_Parser */,
			);
			name = Products;
			sourceTree = "<group>";
		};
		13967A771D87414900B01C79 /* PVSC_Parser */ = {
			isa = PBXGroup;
			children = (
				13967A811D87416300B01C79 /* include */,
				13967A7F1D87415400B01C79 /* source */,
			);
			path = PVSC_Parser;
			sourceTree = "<group>";
		};
		13967A7F1D87415400B01C79 /* source */ = {
			isa = PBXGroup;
			children = (
				13967AA61D87E49300B01C79 /* Instruction */,
				13967AA91D87E4EB00B01C79 /* Core */,
				13967A911D87419D00B01C79 /* main.cpp */,
			);
			name = source;
			sourceTree = "<group>";
		};
		13967A811D87416300B01C79 /* include */ = {
			isa = PBXGroup;
			children = (
				13967AA71D87E4BB00B01C79 /* data */,
				13967AA51D87E47200B01C79 /* Instruction */,
				13967AA81D87E4CA00B01C79 /* Core */,
			);
			name = include;
			sourceTree = "<group>";
		};
		13967AA51D87E47200B01C79 /* Instruction */ = {
			isa = PBXGroup;
			children = (
				13967A831D87419400B01C79 /* DSC_Info.h */,
				13967A9D1D87B4E700B01C79 /* Inst_EOFC.h */,
				13967AA01D87B51800B01C79 /* Inst_nop.h */,
				13967A861D87419400B01C79 /* Inst_Note.h */,
				13967A871D87419400B01C79 /* Inst_op_55.h */,
				13967A881D87419400B01C79 /* Inst_op_56.h */,
				13967A891D87419400B01C79 /* Inst_Timestamp.h */,
			);
			name = Instruction;
			sourceTree = "<group>";
		};
		13967AA61D87E49300B01C79 /* Instruction */ = {
			isa = PBXGroup;
			children = (
				13967A9C1D87B4E700B01C79 /* Inst_EOFC.cpp */,
				130230EB1D9D80E100C0ECFD /* DSC_Info.cpp */,
				13967A9F1D87B51800B01C79 /* Inst_nop.cpp */,
				13967A8D1D87419D00B01C79 /* Inst_Note.cpp */,
				13967A8E1D87419D00B01C79 /* Inst_op_55.cpp */,
				13967A8F1D87419D00B01C79 /* Inst_op_56.cpp */,
				13967A901D87419D00B01C79 /* Inst_Timestamp.cpp */,
			);
			name = Instruction;
			sourceTree = "<group>";
		};
		13967AA71D87E4BB00B01C79 /* data */ = {
			isa = PBXGroup;
			children = (
				13967A821D87419400B01C79 /* 801_extreme.h */,
				13967AAB1D88024A00B01C79 /* 712_extreme.h */,
			);
			name = data;
			sourceTree = "<group>";
		};
		13967AA81D87E4CA00B01C79 /* Core */ = {
			isa = PBXGroup;
			children = (
				13967A841D87419400B01C79 /* EngineCore.h */,
				13967A851D87419400B01C79 /* GlobalDef.h */,
				13967AA31D87DC1F00B01C79 /* EndianUtils.h */,
				13967A8A1D87419400B01C79 /* InstPluginInterface.h */,
			);
			name = Core;
			sourceTree = "<group>";
		};
		13967AA91D87E4EB00B01C79 /* Core */ = {
			isa = PBXGroup;
			children = (
				13967A8C1D87419D00B01C79 /* EngineCore.cpp */,
			);
			name = Core;
			sourceTree = "<group>";
		};
/* End PBXGroup section */

/* Begin PBXNativeTarget section */
		13967A741D87414900B01C79 /* PVSC_Parser */ = {
			isa = PBXNativeTarget;
			buildConfigurationList = 13967A7C1D87414900B01C79 /* Build configuration list for PBXNativeTarget "PVSC_Parser" */;
			buildPhases = (
				13967A711D87414900B01C79 /* Sources */,
				13967A721D87414900B01C79 /* Frameworks */,
				13967A731D87414900B01C79 /* CopyFiles */,
			);
			buildRules = (
			);
			dependencies = (
			);
			name = PVSC_Parser;
			productName = PVSC_Parser;
			productReference = 13967A751D87414900B01C79 /* PVSC_Parser */;
			productType = "com.apple.product-type.tool";
		};
/* End PBXNativeTarget section */

/* Begin PBXProject section */
		13967A6D1D87414900B01C79 /* Project object */ = {
			isa = PBXProject;
			attributes = {
				LastUpgradeCheck = 0730;
				ORGANIZATIONNAME = s117;
				TargetAttributes = {
					13967A741D87414900B01C79 = {
						CreatedOnToolsVersion = 7.3.1;
					};
				};
			};
			buildConfigurationList = 13967A701D87414900B01C79 /* Build configuration list for PBXProject "PVSC_Parser" */;
			compatibilityVersion = "Xcode 3.2";
			developmentRegion = English;
			hasScannedForEncodings = 0;
			knownRegions = (
				en,
			);
			mainGroup = 13967A6C1D87414900B01C79;
			productRefGroup = 13967A761D87414900B01C79 /* Products */;
			projectDirPath = "";
			projectRoot = "";
			targets = (
				13967A741D87414900B01C79 /* PVSC_Parser */,
			);
		};
/* End PBXProject section */

/* Begin PBXSourcesBuildPhase section */
		13967A711D87414900B01C79 /* Sources */ = {
			isa = PBXSourcesBuildPhase;
			buildActionMask = 2147483647;
			files = (
				13967A931D87419D00B01C79 /* EngineCore.cpp in Sources */,
				13967A951D87419D00B01C79 /* Inst_op_55.cpp in Sources */,
				13967A9E1D87B4E700B01C79 /* Inst_EOFC.cpp in Sources */,
				13967A941D87419D00B01C79 /* Inst_Note.cpp in Sources */,
				130230EC1D9D80E100C0ECFD /* DSC_Info.cpp in Sources */,
				13967A961D87419D00B01C79 /* Inst_op_56.cpp in Sources */,
				13967AA11D87B51800B01C79 /* Inst_nop.cpp in Sources */,
				13967A981D87419D00B01C79 /* main.cpp in Sources */,
				13967A971D87419D00B01C79 /* Inst_Timestamp.cpp in Sources */,
			);
			runOnlyForDeploymentPostprocessing = 0;
		};
/* End PBXSourcesBuildPhase section */

/* Begin XCBuildConfiguration section */
		13967A7A1D87414900B01C79 /* Debug */ = {
			isa = XCBuildConfiguration;
			buildSettings = {
				ALWAYS_SEARCH_USER_PATHS = NO;
				CLANG_ANALYZER_NONNULL = YES;
				CLANG_CXX_LANGUAGE_STANDARD = "gnu++0x";
				CLANG_CXX_LIBRARY = "libc++";
				CLANG_ENABLE_MODULES = YES;
				CLANG_ENABLE_OBJC_ARC = YES;
				CLANG_WARN_BOOL_CONVERSION = YES;
				CLANG_WARN_CONSTANT_CONVERSION = YES;
				CLANG_WARN_DIRECT_OBJC_ISA_USAGE = YES_ERROR;
				CLANG_WARN_EMPTY_BODY = YES;
				CLANG_WARN_ENUM_CONVERSION = YES;
				CLANG_WARN_INT_CONVERSION = YES;
				CLANG_WARN_OBJC_ROOT_CLASS = YES_ERROR;
				CLANG_WARN_UNREACHABLE_CODE = YES;
				CLANG_WARN__DUPLICATE_METHOD_MATCH = YES;
				CODE_SIGN_IDENTITY = "-";
				COPY_PHASE_STRIP = NO;
				DEBUG_INFORMATION_FORMAT = dwarf;
				ENABLE_STRICT_OBJC_MSGSEND = YES;
				ENABLE_TESTABILITY = YES;
				GCC_C_LANGUAGE_STANDARD = gnu99;
				GCC_DYNAMIC_NO_PIC = NO;
				GCC_NO_COMMON_BLOCKS = YES;
				GCC_OPTIMIZATION_LEVEL = 0;
				GCC_PREPROCESSOR_DEFINITIONS = (
					"DEBUG=1",
					"$(inherited)",
				);
				GCC_WARN_64_TO_32_BIT_CONVERSION = YES;
				GCC_WARN_ABOUT_RETURN_TYPE = YES_ERROR;
				GCC_WARN_UNDECLARED_SELECTOR = YES;
				GCC_WARN_UNINITIALIZED_AUTOS = YES_AGGRESSIVE;
				GCC_WARN_UNUSED_FUNCTION = YES;
				GCC_WARN_UNUSED_VARIABLE = YES;
				MACOSX_DEPLOYMENT_TARGET = 10.11;
				MTL_ENABLE_DEBUG_INFO = YES;
				ONLY_ACTIVE_ARCH = YES;
				SDKROOT = macosx;
			};
			name = Debug;
		};
		13967A7B1D87414900B01C79 /* Release */ = {
			isa = XCBuildConfiguration;
			buildSettings = {
				ALWAYS_SEARCH_USER_PATHS = NO;
				CLANG_ANALYZER_NONNULL = YES;
				CLANG_CXX_LANGUAGE_STANDARD = "gnu++0x";
				CLANG_CXX_LIBRARY = "libc++";
				CLANG_ENABLE_MODULES = YES;
				CLANG_ENABLE_OBJC_ARC = YES;
				CLANG_WARN_BOOL_CONVERSION = YES;
				CLANG_WARN_CONSTANT_CONVERSION = YES;
				CLANG_WARN_DIRECT_OBJC_ISA_USAGE = YES_ERROR;
				CLANG_WARN_EMPTY_BODY = YES;
				CLANG_WARN_ENUM_CONVERSION = YES;
				CLANG_WARN_INT_CONVERSION = YES;
				CLANG_WARN_OBJC_ROOT_CLASS = YES_ERROR;
				CLANG_WARN_UNREACHABLE_CODE = YES;
				CLANG_WARN__DUPLICATE_METHOD_MATCH = YES;
				CODE_SIGN_IDENTITY = "-";
				COPY_PHASE_STRIP = NO;
				DEBUG_INFORMATION_FORMAT = "dwarf-with-dsym";
				ENABLE_NS_ASSERTIONS = NO;
				ENABLE_STRICT_OBJC_MSGSEND = YES;
				GCC_C_LANGUAGE_STANDARD = gnu99;
				GCC_NO_COMMON_BLOCKS = YES;
				GCC_WARN_64_TO_32_BIT_CONVERSION = YES;
				GCC_WARN_ABOUT_RETURN_TYPE = YES_ERROR;
				GCC_WARN_UNDECLARED_SELECTOR = YES;
				GCC_WARN_UNINITIALIZED_AUTOS = YES_AGGRESSIVE;
				GCC_WARN_UNUSED_FUNCTION = YES;
				GCC_WARN_UNUSED_VARIABLE = YES;
				MACOSX_DEPLOYMENT_TARGET = 10.11;
				MTL_ENABLE_DEBUG_INFO = NO;
				SDKROOT = macosx;
			};
			name = Release;
		};
		13967A7D1D87414900B01C79 /* Debug */ = {
			isa = XCBuildConfiguration;
			buildSettings = {
				PRODUCT_NAME = "$(TARGET_NAME)";
			};
			name = Debug;
		};
		13967A7E1D87414900B01C79 /* Release */ = {
			isa = XCBuildConfiguration;
			buildSettings = {
				PRODUCT_NAME = "$(TARGET_NAME)";
			};
			name = Release;
		};
/* End XCBuildConfiguration section */

/* Begin XCConfigurationList section */
		13967A701D87414900B01C79 /* Build configuration list for PBXProject "PVSC_Parser" */ = {
			isa = XCConfigurationList;
			buildConfigurations = (
				13967A7A1D87414900B01C79 /* Debug */,
				13967A7B1D87414900B01C79 /* Release */,
			);
			defaultConfigurationIsVisible = 0;
			defaultConfigurationName = Release;
		};
		13967A7C1D87414900B01C79 /* Build configuration list for PBXNativeTarget "PVSC_Parser" */ = {
			isa = XCConfigurationList;
			buildConfigurations = (
				13967A7D1D87414900B01C79 /* Debug */,
				13967A7E1D87414900B01C79 /* Release */,
			);
			defaultConfigurationIsVisible = 0;
			defaultConfigurationName = Release;
		};
/* End XCConfigurationList section */
	};
	rootObject = 13967A6D1D87414900B01C79 /* Project object */;
}
